
Microsoft Visual Studio Solution File, Format Version 12.00
# Visual Studio Version 17
VisualStudioVersion = 17.14.36221.1 d17.14
MinimumVisualStudioVersion = 10.0.40219.1
Project("{FAE04EC0-301F-11D3-BF4B-00C04F79EFBC}") = "HandsOnEFUsingCodeFirst", "HandsOnEFUsingCodeFirst.csproj", "{2465F75E-F818-4157-8070-9BC58317BC02}"
EndProject
Global
	GlobalSection(SolutionConfigurationPlatforms) = preSolution
		Debug|Any CPU = Debug|Any CPU
		Release|Any CPU = Release|Any CPU
	EndGlobalSection
	GlobalSection(ProjectConfigurationPlatforms) = postSolution
		{2465F75E-F818-4157-8070-9BC58317BC02}.Debug|Any CPU.ActiveCfg = Debug|Any CPU
		{2465F75E-F818-4157-8070-9BC58317BC02}.Debug|Any CPU.Build.0 = Debug|Any CPU
		{2465F75E-F818-4157-8070-9BC58317BC02}.Release|Any CPU.ActiveCfg = Release|Any CPU
		{2465F75E-F818-4157-8070-9BC58317BC02}.Release|Any CPU.Build.0 = Release|Any CPU
	EndGlobalSection
	GlobalSection(SolutionProperties) = preSolution
		HideSolutionNode = FALSE
	EndGlobalSection
	GlobalSection(ExtensibilityGlobals) = postSolution
		SolutionGuid = {2D6C927F-37E2-465B-8545-EBF44CF54203}
	EndGlobalSection
EndGlobal
