
Microsoft Visual Studio Solution File, Format Version 12.00
# Visual Studio Version 17
VisualStudioVersion = 17.14.36221.1 d17.14
MinimumVisualStudioVersion = 10.0.40219.1
Project("{FAE04EC0-301F-11D3-BF4B-00C04F79EFBC}") = "HandsOnAPIUsingModels", "HandsOnAPIUsingModels.csproj", "{1BC43D49-0D51-426D-AD7E-AF03318847D8}"
EndProject
Global
	GlobalSection(SolutionConfigurationPlatforms) = preSolution
		Debug|Any CPU = Debug|Any CPU
		Release|Any CPU = Release|Any CPU
	EndGlobalSection
	GlobalSection(ProjectConfigurationPlatforms) = postSolution
		{1BC43D49-0D51-426D-AD7E-AF03318847D8}.Debug|Any CPU.ActiveCfg = Debug|Any CPU
		{1BC43D49-0D51-426D-AD7E-AF03318847D8}.Debug|Any CPU.Build.0 = Debug|Any CPU
		{1BC43D49-0D51-426D-AD7E-AF03318847D8}.Release|Any CPU.ActiveCfg = Release|Any CPU
		{1BC43D49-0D51-426D-AD7E-AF03318847D8}.Release|Any CPU.Build.0 = Release|Any CPU
	EndGlobalSection
	GlobalSection(SolutionProperties) = preSolution
		HideSolutionNode = FALSE
	EndGlobalSection
	GlobalSection(ExtensibilityGlobals) = postSolution
		SolutionGuid = {E09203C5-A589-4B15-836B-28ADC61000C3}
	EndGlobalSection
EndGlobal
