
Microsoft Visual Studio Solution File, Format Version 12.00
# Visual Studio Version 17
VisualStudioVersion = 17.14.36221.1 d17.14
MinimumVisualStudioVersion = 10.0.40219.1
Project("{FAE04EC0-301F-11D3-BF4B-00C04F79EFBC}") = "CalculateLibrary", "CalculateLibrary.csproj", "{FC9E8A28-6ED5-4B23-9FD9-F7BE22FFDCF3}"
EndProject
Global
	GlobalSection(SolutionConfigurationPlatforms) = preSolution
		Debug|Any CPU = Debug|Any CPU
		Release|Any CPU = Release|Any CPU
	EndGlobalSection
	GlobalSection(ProjectConfigurationPlatforms) = postSolution
		{FC9E8A28-6ED5-4B23-9FD9-F7BE22FFDCF3}.Debug|Any CPU.ActiveCfg = Debug|Any CPU
		{FC9E8A28-6ED5-4B23-9FD9-F7BE22FFDCF3}.Debug|Any CPU.Build.0 = Debug|Any CPU
		{FC9E8A28-6ED5-4B23-9FD9-F7BE22FFDCF3}.Release|Any CPU.ActiveCfg = Release|Any CPU
		{FC9E8A28-6ED5-4B23-9FD9-F7BE22FFDCF3}.Release|Any CPU.Build.0 = Release|Any CPU
	EndGlobalSection
	GlobalSection(SolutionProperties) = preSolution
		HideSolutionNode = FALSE
	EndGlobalSection
	GlobalSection(ExtensibilityGlobals) = postSolution
		SolutionGuid = {A090B614-4DC5-42F0-BB3A-92EA2BEED090}
	EndGlobalSection
EndGlobal
