
Microsoft Visual Studio Solution File, Format Version 12.00
# Visual Studio Version 17
VisualStudioVersion = 17.14.36221.1 d17.14
MinimumVisualStudioVersion = 10.0.40219.1
Project("{FAE04EC0-301F-11D3-BF4B-00C04F79EFBC}") = "HandsOnMVCUsingViews", "HandsOnMVCUsingViews.csproj", "{B1BC4580-3A90-4E2C-A1DA-3C714D0AE719}"
EndProject
Global
	GlobalSection(SolutionConfigurationPlatforms) = preSolution
		Debug|Any CPU = Debug|Any CPU
		Release|Any CPU = Release|Any CPU
	EndGlobalSection
	GlobalSection(ProjectConfigurationPlatforms) = postSolution
		{B1BC4580-3A90-4E2C-A1DA-3C714D0AE719}.Debug|Any CPU.ActiveCfg = Debug|Any CPU
		{B1BC4580-3A90-4E2C-A1DA-3C714D0AE719}.Debug|Any CPU.Build.0 = Debug|Any CPU
		{B1BC4580-3A90-4E2C-A1DA-3C714D0AE719}.Release|Any CPU.ActiveCfg = Release|Any CPU
		{B1BC4580-3A90-4E2C-A1DA-3C714D0AE719}.Release|Any CPU.Build.0 = Release|Any CPU
	EndGlobalSection
	GlobalSection(SolutionProperties) = preSolution
		HideSolutionNode = FALSE
	EndGlobalSection
	GlobalSection(ExtensibilityGlobals) = postSolution
		SolutionGuid = {17714C80-3FAA-4F52-A5A9-6C518B57DFDE}
	EndGlobalSection
EndGlobal
